
Microsoft Visual Studio Solution File, Format Version 12.00
# Visual Studio 15
VisualStudioVersion = 15.0.27617.1
MinimumVisualStudioVersion = 10.0.40219.1
Project("{FAE04EC0-301F-11D3-BF4B-00C04F79EFBC}") = "Cucklist", "Cucklist\Cucklist.csproj", "{931B6179-FB3C-4142-983B-BBCE7FB9DB6E}"
EndProject
Global
	GlobalSection(SolutionConfigurationPlatforms) = preSolution
		Debug|Any CPU = Debug|Any CPU
		Release|Any CPU = Release|Any CPU
	EndGlobalSection
	GlobalSection(ProjectConfigurationPlatforms) = postSolution
		{931B6179-FB3C-4142-983B-BBCE7FB9DB6E}.Debug|Any CPU.ActiveCfg = Debug|Any CPU
		{931B6179-FB3C-4142-983B-BBCE7FB9DB6E}.Debug|Any CPU.Build.0 = Debug|Any CPU
		{931B6179-FB3C-4142-983B-BBCE7FB9DB6E}.Release|Any CPU.ActiveCfg = Release|Any CPU
		{931B6179-FB3C-4142-983B-BBCE7FB9DB6E}.Release|Any CPU.Build.0 = Release|Any CPU
	EndGlobalSection
	GlobalSection(SolutionProperties) = preSolution
		HideSolutionNode = FALSE
	EndGlobalSection
	GlobalSection(ExtensibilityGlobals) = postSolution
		SolutionGuid = {B1CD10CC-03FE-4FB0-9891-2AD5FFA8633B}
	EndGlobalSection
EndGlobal
